
Microsoft Visual Studio Solution File, Format Version 12.00
# Visual Studio 15
VisualStudioVersion = 15.0.27130.2020
MinimumVisualStudioVersion = 10.0.40219.1
Project("{FAE04EC0-301F-11D3-BF4B-00C04F79EFBC}") = "AspNetCoreWebApplication", "AspNetCoreWebApplication\AspNetCoreWebApplication.csproj", "{D3E2E023-8132-4441-938C-7DE1211DF269}"
EndProject
Global
	GlobalSection(SolutionConfigurationPlatforms) = preSolution
		Debug|Any CPU = Debug|Any CPU
		Release|Any CPU = Release|Any CPU
	EndGlobalSection
	GlobalSection(ProjectConfigurationPlatforms) = postSolution
		{D3E2E023-8132-4441-938C-7DE1211DF269}.Debug|Any CPU.ActiveCfg = Debug|Any CPU
		{D3E2E023-8132-4441-938C-7DE1211DF269}.Debug|Any CPU.Build.0 = Debug|Any CPU
		{D3E2E023-8132-4441-938C-7DE1211DF269}.Release|Any CPU.ActiveCfg = Release|Any CPU
		{D3E2E023-8132-4441-938C-7DE1211DF269}.Release|Any CPU.Build.0 = Release|Any CPU
	EndGlobalSection
	GlobalSection(SolutionProperties) = preSolution
		HideSolutionNode = FALSE
	EndGlobalSection
	GlobalSection(ExtensibilityGlobals) = postSolution
		SolutionGuid = {749DCE03-E819-4037-ADC0-D66ACBB3D40C}
	EndGlobalSection
EndGlobal
